
Microsoft Visual Studio Solution File, Format Version 12.00
# Visual Studio Version 17
VisualStudioVersion = 17.1.32319.34
MinimumVisualStudioVersion = 10.0.40219.1
Project("{FAE04EC0-301F-11D3-BF4B-00C04F79EFBC}") = "Exemplo5", "Exemplo5\Exemplo5.csproj", "{5009B806-2F70-4AB1-87E5-3CD36F8BF3EB}"
EndProject
Global
	GlobalSection(SolutionConfigurationPlatforms) = preSolution
		Debug|Any CPU = Debug|Any CPU
		Release|Any CPU = Release|Any CPU
	EndGlobalSection
	GlobalSection(ProjectConfigurationPlatforms) = postSolution
		{5009B806-2F70-4AB1-87E5-3CD36F8BF3EB}.Debug|Any CPU.ActiveCfg = Debug|Any CPU
		{5009B806-2F70-4AB1-87E5-3CD36F8BF3EB}.Debug|Any CPU.Build.0 = Debug|Any CPU
		{5009B806-2F70-4AB1-87E5-3CD36F8BF3EB}.Release|Any CPU.ActiveCfg = Release|Any CPU
		{5009B806-2F70-4AB1-87E5-3CD36F8BF3EB}.Release|Any CPU.Build.0 = Release|Any CPU
	EndGlobalSection
	GlobalSection(SolutionProperties) = preSolution
		HideSolutionNode = FALSE
	EndGlobalSection
	GlobalSection(ExtensibilityGlobals) = postSolution
		SolutionGuid = {AAB0B6F0-15B5-42A0-BCC9-5C567C408E73}
	EndGlobalSection
EndGlobal
