
Microsoft Visual Studio Solution File, Format Version 12.00
# Visual Studio Version 16
VisualStudioVersion = 16.0.30114.105
MinimumVisualStudioVersion = 10.0.40219.1
Project("{2150E333-8FDC-42A3-9474-1A3956D46DE8}") = "src", "src", "{8EFB6CE5-1C76-464F-9499-A6DC8E23222E}"
EndProject
Project("{FAE04EC0-301F-11D3-BF4B-00C04F79EFBC}") = "DevInHouse.EFCoreApi.Core", "src\DevInHouse.EFCoreApi.Core\DevInHouse.EFCoreApi.Core.csproj", "{DEE118C2-9142-4FA1-AEFF-6A782D362AB3}"
EndProject
Project("{FAE04EC0-301F-11D3-BF4B-00C04F79EFBC}") = "DevInHouse.EFCoreApi.Api", "src\DevInHouse.EFCoreApi.Api\DevInHouse.EFCoreApi.Api.csproj", "{9E1D14A0-5446-4B21-B8B9-358675AA6AD5}"
EndProject
Global
	GlobalSection(SolutionConfigurationPlatforms) = preSolution
		Debug|Any CPU = Debug|Any CPU
		Release|Any CPU = Release|Any CPU
	EndGlobalSection
	GlobalSection(SolutionProperties) = preSolution
		HideSolutionNode = FALSE
	EndGlobalSection
	GlobalSection(ProjectConfigurationPlatforms) = postSolution
		{DEE118C2-9142-4FA1-AEFF-6A782D362AB3}.Debug|Any CPU.ActiveCfg = Debug|Any CPU
		{DEE118C2-9142-4FA1-AEFF-6A782D362AB3}.Debug|Any CPU.Build.0 = Debug|Any CPU
		{DEE118C2-9142-4FA1-AEFF-6A782D362AB3}.Release|Any CPU.ActiveCfg = Release|Any CPU
		{DEE118C2-9142-4FA1-AEFF-6A782D362AB3}.Release|Any CPU.Build.0 = Release|Any CPU
		{9E1D14A0-5446-4B21-B8B9-358675AA6AD5}.Debug|Any CPU.ActiveCfg = Debug|Any CPU
		{9E1D14A0-5446-4B21-B8B9-358675AA6AD5}.Debug|Any CPU.Build.0 = Debug|Any CPU
		{9E1D14A0-5446-4B21-B8B9-358675AA6AD5}.Release|Any CPU.ActiveCfg = Release|Any CPU
		{9E1D14A0-5446-4B21-B8B9-358675AA6AD5}.Release|Any CPU.Build.0 = Release|Any CPU
	EndGlobalSection
	GlobalSection(NestedProjects) = preSolution
		{DEE118C2-9142-4FA1-AEFF-6A782D362AB3} = {8EFB6CE5-1C76-464F-9499-A6DC8E23222E}
		{9E1D14A0-5446-4B21-B8B9-358675AA6AD5} = {8EFB6CE5-1C76-464F-9499-A6DC8E23222E}
	EndGlobalSection
EndGlobal
