
Microsoft Visual Studio Solution File, Format Version 12.00
# Visual Studio Version 17
VisualStudioVersion = 17.1.32319.34
MinimumVisualStudioVersion = 10.0.40219.1
Project("{FAE04EC0-301F-11D3-BF4B-00C04F79EFBC}") = "Exercicio6", "Exercicio6\Exercicio6.csproj", "{A6EF336E-92EB-417C-8FF6-D19D47C5E810}"
EndProject
Global
	GlobalSection(SolutionConfigurationPlatforms) = preSolution
		Debug|Any CPU = Debug|Any CPU
		Release|Any CPU = Release|Any CPU
	EndGlobalSection
	GlobalSection(ProjectConfigurationPlatforms) = postSolution
		{A6EF336E-92EB-417C-8FF6-D19D47C5E810}.Debug|Any CPU.ActiveCfg = Debug|Any CPU
		{A6EF336E-92EB-417C-8FF6-D19D47C5E810}.Debug|Any CPU.Build.0 = Debug|Any CPU
		{A6EF336E-92EB-417C-8FF6-D19D47C5E810}.Release|Any CPU.ActiveCfg = Release|Any CPU
		{A6EF336E-92EB-417C-8FF6-D19D47C5E810}.Release|Any CPU.Build.0 = Release|Any CPU
	EndGlobalSection
	GlobalSection(SolutionProperties) = preSolution
		HideSolutionNode = FALSE
	EndGlobalSection
	GlobalSection(ExtensibilityGlobals) = postSolution
		SolutionGuid = {4A35B157-72B2-4BFE-AA7A-00EE2656D5F1}
	EndGlobalSection
EndGlobal
